// !$*UTF8*$!
{
	archiveVersion = 1;
	classes = {
	};
	objectVersion = 56;
	objects = {

/* Begin PBXBuildFile section */
		1E4DE74F2C4FD3E80070450A /* todoApp.swift in Sources */ = {isa = PBXBuildFile; fileRef = 1E4DE74E2C4FD3E80070450A /* todoApp.swift */; };
		1E4DE7512C4FD3E80070450A /* MainView.swift in Sources */ = {isa = PBXBuildFile; fileRef = 1E4DE7502C4FD3E80070450A /* MainView.swift */; };
		1E4DE7532C4FD3E80070450A /* Assets.xcassets in Resources */ = {isa = PBXBuildFile; fileRef = 1E4DE7522C4FD3E80070450A /* Assets.xcassets */; };
		1E4DE7562C4FD3E80070450A /* Preview Assets.xcassets in Resources */ = {isa = PBXBuildFile; fileRef = 1E4DE7552C4FD3E80070450A /* Preview Assets.xcassets */; };
		1E4DE7602C4FD3E90070450A /* todoTests.swift in Sources */ = {isa = PBXBuildFile; fileRef = 1E4DE75F2C4FD3E90070450A /* todoTests.swift */; };
		1E4DE76A2C4FD3E90070450A /* todoUITests.swift in Sources */ = {isa = PBXBuildFile; fileRef = 1E4DE7692C4FD3E90070450A /* todoUITests.swift */; };
		1E4DE76C2C4FD3E90070450A /* todoUITestsLaunchTests.swift in Sources */ = {isa = PBXBuildFile; fileRef = 1E4DE76B2C4FD3E90070450A /* todoUITestsLaunchTests.swift */; };
		1E4DE77A2C4FDBFB0070450A /* FirebaseAuth in Frameworks */ = {isa = PBXBuildFile; productRef = 1E4DE7792C4FDBFB0070450A /* FirebaseAuth */; };
		1E4DE77C2C4FDBFB0070450A /* FirebaseFirestore in Frameworks */ = {isa = PBXBuildFile; productRef = 1E4DE77B2C4FDBFB0070450A /* FirebaseFirestore */; };
		1E4DE77E2C4FDBFB0070450A /* FirebaseFirestoreSwift in Frameworks */ = {isa = PBXBuildFile; productRef = 1E4DE77D2C4FDBFB0070450A /* FirebaseFirestoreSwift */; };
		1E4DE7802C4FDE540070450A /* GoogleService-Info.plist in Resources */ = {isa = PBXBuildFile; fileRef = 1E4DE77F2C4FDE540070450A /* GoogleService-Info.plist */; };
		1E4DE7862C4FE07C0070450A /* ProfileView.swift in Sources */ = {isa = PBXBuildFile; fileRef = 1E4DE7852C4FE07C0070450A /* ProfileView.swift */; };
		1E4DE7882C4FE0930070450A /* TodoListItemView.swift in Sources */ = {isa = PBXBuildFile; fileRef = 1E4DE7872C4FE0930070450A /* TodoListItemView.swift */; };
		1E4DE78A2C4FE0A50070450A /* NewItemView.swift in Sources */ = {isa = PBXBuildFile; fileRef = 1E4DE7892C4FE0A50070450A /* NewItemView.swift */; };
		1E4DE7902C4FE0F30070450A /* LoginView.swift in Sources */ = {isa = PBXBuildFile; fileRef = 1E4DE78F2C4FE0F30070450A /* LoginView.swift */; };
		1E4DE7922C4FE0FB0070450A /* RegisterView.swift in Sources */ = {isa = PBXBuildFile; fileRef = 1E4DE7912C4FE0FB0070450A /* RegisterView.swift */; };
		1E4DE7942C4FE1310070450A /* ToDoListView.swift in Sources */ = {isa = PBXBuildFile; fileRef = 1E4DE7932C4FE1310070450A /* ToDoListView.swift */; };
		1E4DE7962C4FE1700070450A /* User.swift in Sources */ = {isa = PBXBuildFile; fileRef = 1E4DE7952C4FE1700070450A /* User.swift */; };
		1E4DE7982C4FE17B0070450A /* TodoListItem.swift in Sources */ = {isa = PBXBuildFile; fileRef = 1E4DE7972C4FE17B0070450A /* TodoListItem.swift */; };
		1E4DE79A2C4FE1990070450A /* MainViewViewModel.swift in Sources */ = {isa = PBXBuildFile; fileRef = 1E4DE7992C4FE1990070450A /* MainViewViewModel.swift */; };
		1E4DE79C2C4FE1AB0070450A /* ProfileViewViewModel.swift in Sources */ = {isa = PBXBuildFile; fileRef = 1E4DE79B2C4FE1AB0070450A /* ProfileViewViewModel.swift */; };
		1E4DE79E2C4FE1BC0070450A /* TodoListItemViewViewModel.swift in Sources */ = {isa = PBXBuildFile; fileRef = 1E4DE79D2C4FE1BC0070450A /* TodoListItemViewViewModel.swift */; };
		1E4DE7A02C4FE1C70070450A /* NewItemViewViewModel.swift in Sources */ = {isa = PBXBuildFile; fileRef = 1E4DE79F2C4FE1C70070450A /* NewItemViewViewModel.swift */; };
		1E4DE7A22C4FE1CF0070450A /* LoginViewViewModel.swift in Sources */ = {isa = PBXBuildFile; fileRef = 1E4DE7A12C4FE1CF0070450A /* LoginViewViewModel.swift */; };
		1E4DE7A42C4FE1DC0070450A /* RegisterViewViewModel.swift in Sources */ = {isa = PBXBuildFile; fileRef = 1E4DE7A32C4FE1DC0070450A /* RegisterViewViewModel.swift */; };
		1E4DE7A62C4FE1F30070450A /* ToDoListViewViewModel.swift in Sources */ = {isa = PBXBuildFile; fileRef = 1E4DE7A52C4FE1F30070450A /* ToDoListViewViewModel.swift */; };
/* End PBXBuildFile section */

/* Begin PBXContainerItemProxy section */
		1E4DE75C2C4FD3E90070450A /* PBXContainerItemProxy */ = {
			isa = PBXContainerItemProxy;
			containerPortal = 1E4DE7432C4FD3E80070450A /* Project object */;
			proxyType = 1;
			remoteGlobalIDString = 1E4DE74A2C4FD3E80070450A;
			remoteInfo = todo;
		};
		1E4DE7662C4FD3E90070450A /* PBXContainerItemProxy */ = {
			isa = PBXContainerItemProxy;
			containerPortal = 1E4DE7432C4FD3E80070450A /* Project object */;
			proxyType = 1;
			remoteGlobalIDString = 1E4DE74A2C4FD3E80070450A;
			remoteInfo = todo;
		};
/* End PBXContainerItemProxy section */

/* Begin PBXFileReference section */
		1E4DE74B2C4FD3E80070450A /* todo.app */ = {isa = PBXFileReference; explicitFileType = wrapper.application; includeInIndex = 0; path = todo.app; sourceTree = BUILT_PRODUCTS_DIR; };
		1E4DE74E2C4FD3E80070450A /* todoApp.swift */ = {isa = PBXFileReference; lastKnownFileType = sourcecode.swift; path = todoApp.swift; sourceTree = "<group>"; };
		1E4DE7502C4FD3E80070450A /* MainView.swift */ = {isa = PBXFileReference; lastKnownFileType = sourcecode.swift; path = MainView.swift; sourceTree = "<group>"; };
		1E4DE7522C4FD3E80070450A /* Assets.xcassets */ = {isa = PBXFileReference; lastKnownFileType = folder.assetcatalog; path = Assets.xcassets; sourceTree = "<group>"; };
		1E4DE7552C4FD3E80070450A /* Preview Assets.xcassets */ = {isa = PBXFileReference; lastKnownFileType = folder.assetcatalog; path = "Preview Assets.xcassets"; sourceTree = "<group>"; };
		1E4DE75B2C4FD3E90070450A /* todoTests.xctest */ = {isa = PBXFileReference; explicitFileType = wrapper.cfbundle; includeInIndex = 0; path = todoTests.xctest; sourceTree = BUILT_PRODUCTS_DIR; };
		1E4DE75F2C4FD3E90070450A /* todoTests.swift */ = {isa = PBXFileReference; lastKnownFileType = sourcecode.swift; path = todoTests.swift; sourceTree = "<group>"; };
		1E4DE7652C4FD3E90070450A /* todoUITests.xctest */ = {isa = PBXFileReference; explicitFileType = wrapper.cfbundle; includeInIndex = 0; path = todoUITests.xctest; sourceTree = BUILT_PRODUCTS_DIR; };
		1E4DE7692C4FD3E90070450A /* todoUITests.swift */ = {isa = PBXFileReference; lastKnownFileType = sourcecode.swift; path = todoUITests.swift; sourceTree = "<group>"; };
		1E4DE76B2C4FD3E90070450A /* todoUITestsLaunchTests.swift */ = {isa = PBXFileReference; lastKnownFileType = sourcecode.swift; path = todoUITestsLaunchTests.swift; sourceTree = "<group>"; };
		1E4DE77F2C4FDE540070450A /* GoogleService-Info.plist */ = {isa = PBXFileReference; fileEncoding = 4; lastKnownFileType = text.plist.xml; path = "GoogleService-Info.plist"; sourceTree = "<group>"; };
		1E4DE7852C4FE07C0070450A /* ProfileView.swift */ = {isa = PBXFileReference; lastKnownFileType = sourcecode.swift; path = ProfileView.swift; sourceTree = "<group>"; };
		1E4DE7872C4FE0930070450A /* TodoListItemView.swift */ = {isa = PBXFileReference; lastKnownFileType = sourcecode.swift; path = TodoListItemView.swift; sourceTree = "<group>"; };
		1E4DE7892C4FE0A50070450A /* NewItemView.swift */ = {isa = PBXFileReference; lastKnownFileType = sourcecode.swift; path = NewItemView.swift; sourceTree = "<group>"; };
		1E4DE78F2C4FE0F30070450A /* LoginView.swift */ = {isa = PBXFileReference; lastKnownFileType = sourcecode.swift; path = LoginView.swift; sourceTree = "<group>"; };
		1E4DE7912C4FE0FB0070450A /* RegisterView.swift */ = {isa = PBXFileReference; lastKnownFileType = sourcecode.swift; path = RegisterView.swift; sourceTree = "<group>"; };
		1E4DE7932C4FE1310070450A /* ToDoListView.swift */ = {isa = PBXFileReference; lastKnownFileType = sourcecode.swift; path = ToDoListView.swift; sourceTree = "<group>"; };
		1E4DE7952C4FE1700070450A /* User.swift */ = {isa = PBXFileReference; lastKnownFileType = sourcecode.swift; path = User.swift; sourceTree = "<group>"; };
		1E4DE7972C4FE17B0070450A /* TodoListItem.swift */ = {isa = PBXFileReference; lastKnownFileType = sourcecode.swift; path = TodoListItem.swift; sourceTree = "<group>"; };
		1E4DE7992C4FE1990070450A /* MainViewViewModel.swift */ = {isa = PBXFileReference; lastKnownFileType = sourcecode.swift; path = MainViewViewModel.swift; sourceTree = "<group>"; };
		1E4DE79B2C4FE1AB0070450A /* ProfileViewViewModel.swift */ = {isa = PBXFileReference; lastKnownFileType = sourcecode.swift; path = ProfileViewViewModel.swift; sourceTree = "<group>"; };
		1E4DE79D2C4FE1BC0070450A /* TodoListItemViewViewModel.swift */ = {isa = PBXFileReference; lastKnownFileType = sourcecode.swift; path = TodoListItemViewViewModel.swift; sourceTree = "<group>"; };
		1E4DE79F2C4FE1C70070450A /* NewItemViewViewModel.swift */ = {isa = PBXFileReference; lastKnownFileType = sourcecode.swift; path = NewItemViewViewModel.swift; sourceTree = "<group>"; };
		1E4DE7A12C4FE1CF0070450A /* LoginViewViewModel.swift */ = {isa = PBXFileReference; lastKnownFileType = sourcecode.swift; path = LoginViewViewModel.swift; sourceTree = "<group>"; };
		1E4DE7A32C4FE1DC0070450A /* RegisterViewViewModel.swift */ = {isa = PBXFileReference; lastKnownFileType = sourcecode.swift; path = RegisterViewViewModel.swift; sourceTree = "<group>"; };
		1E4DE7A52C4FE1F30070450A /* ToDoListViewViewModel.swift */ = {isa = PBXFileReference; lastKnownFileType = sourcecode.swift; path = ToDoListViewViewModel.swift; sourceTree = "<group>"; };
/* End PBXFileReference section */

/* Begin PBXFrameworksBuildPhase section */
		1E4DE7482C4FD3E80070450A /* Frameworks */ = {
			isa = PBXFrameworksBuildPhase;
			buildActionMask = 2147483647;
			files = (
				1E4DE77A2C4FDBFB0070450A /* FirebaseAuth in Frameworks */,
				1E4DE77C2C4FDBFB0070450A /* FirebaseFirestore in Frameworks */,
				1E4DE77E2C4FDBFB0070450A /* FirebaseFirestoreSwift in Frameworks */,
			);
			runOnlyForDeploymentPostprocessing = 0;
		};
		1E4DE7582C4FD3E90070450A /* Frameworks */ = {
			isa = PBXFrameworksBuildPhase;
			buildActionMask = 2147483647;
			files = (
			);
			runOnlyForDeploymentPostprocessing = 0;
		};
		1E4DE7622C4FD3E90070450A /* Frameworks */ = {
			isa = PBXFrameworksBuildPhase;
			buildActionMask = 2147483647;
			files = (
			);
			runOnlyForDeploymentPostprocessing = 0;
		};
/* End PBXFrameworksBuildPhase section */

/* Begin PBXGroup section */
		1E4DE7422C4FD3E80070450A = {
			isa = PBXGroup;
			children = (
				1E4DE74D2C4FD3E80070450A /* todo */,
				1E4DE75E2C4FD3E90070450A /* todoTests */,
				1E4DE7682C4FD3E90070450A /* todoUITests */,
				1E4DE74C2C4FD3E80070450A /* Products */,
			);
			sourceTree = "<group>";
		};
		1E4DE74C2C4FD3E80070450A /* Products */ = {
			isa = PBXGroup;
			children = (
				1E4DE74B2C4FD3E80070450A /* todo.app */,
				1E4DE75B2C4FD3E90070450A /* todoTests.xctest */,
				1E4DE7652C4FD3E90070450A /* todoUITests.xctest */,
			);
			name = Products;
			sourceTree = "<group>";
		};
		1E4DE74D2C4FD3E80070450A /* todo */ = {
			isa = PBXGroup;
			children = (
				1E4DE7842C4FDF8E0070450A /* Other */,
				1E4DE7832C4FDF7A0070450A /* Models */,
				1E4DE7822C4FDF5F0070450A /* ViewModels */,
				1E4DE7812C4FDF570070450A /* Views */,
				1E4DE7542C4FD3E80070450A /* Preview Content */,
			);
			path = todo;
			sourceTree = "<group>";
		};
		1E4DE7542C4FD3E80070450A /* Preview Content */ = {
			isa = PBXGroup;
			children = (
				1E4DE7552C4FD3E80070450A /* Preview Assets.xcassets */,
			);
			path = "Preview Content";
			sourceTree = "<group>";
		};
		1E4DE75E2C4FD3E90070450A /* todoTests */ = {
			isa = PBXGroup;
			children = (
				1E4DE75F2C4FD3E90070450A /* todoTests.swift */,
			);
			path = todoTests;
			sourceTree = "<group>";
		};
		1E4DE7682C4FD3E90070450A /* todoUITests */ = {
			isa = PBXGroup;
			children = (
				1E4DE7692C4FD3E90070450A /* todoUITests.swift */,
				1E4DE76B2C4FD3E90070450A /* todoUITestsLaunchTests.swift */,
			);
			path = todoUITests;
			sourceTree = "<group>";
		};
		1E4DE7812C4FDF570070450A /* Views */ = {
			isa = PBXGroup;
			children = (
				1E4DE7502C4FD3E80070450A /* MainView.swift */,
				1E4DE7852C4FE07C0070450A /* ProfileView.swift */,
				1E4DE7872C4FE0930070450A /* TodoListItemView.swift */,
				1E4DE7892C4FE0A50070450A /* NewItemView.swift */,
				1E4DE78F2C4FE0F30070450A /* LoginView.swift */,
				1E4DE7912C4FE0FB0070450A /* RegisterView.swift */,
				1E4DE7932C4FE1310070450A /* ToDoListView.swift */,
			);
			path = Views;
			sourceTree = "<group>";
		};
		1E4DE7822C4FDF5F0070450A /* ViewModels */ = {
			isa = PBXGroup;
			children = (
				1E4DE7992C4FE1990070450A /* MainViewViewModel.swift */,
				1E4DE79B2C4FE1AB0070450A /* ProfileViewViewModel.swift */,
				1E4DE79D2C4FE1BC0070450A /* TodoListItemViewViewModel.swift */,
				1E4DE79F2C4FE1C70070450A /* NewItemViewViewModel.swift */,
				1E4DE7A12C4FE1CF0070450A /* LoginViewViewModel.swift */,
				1E4DE7A32C4FE1DC0070450A /* RegisterViewViewModel.swift */,
				1E4DE7A52C4FE1F30070450A /* ToDoListViewViewModel.swift */,
			);
			path = ViewModels;
			sourceTree = "<group>";
		};
		1E4DE7832C4FDF7A0070450A /* Models */ = {
			isa = PBXGroup;
			children = (
				1E4DE7952C4FE1700070450A /* User.swift */,
				1E4DE7972C4FE17B0070450A /* TodoListItem.swift */,
			);
			path = Models;
			sourceTree = "<group>";
		};
		1E4DE7842C4FDF8E0070450A /* Other */ = {
			isa = PBXGroup;
			children = (
				1E4DE77F2C4FDE540070450A /* GoogleService-Info.plist */,
				1E4DE7522C4FD3E80070450A /* Assets.xcassets */,
				1E4DE74E2C4FD3E80070450A /* todoApp.swift */,
			);
			path = Other;
			sourceTree = "<group>";
		};
/* End PBXGroup section */

/* Begin PBXNativeTarget section */
		1E4DE74A2C4FD3E80070450A /* todo */ = {
			isa = PBXNativeTarget;
			buildConfigurationList = 1E4DE76F2C4FD3E90070450A /* Build configuration list for PBXNativeTarget "todo" */;
			buildPhases = (
				1E4DE7472C4FD3E80070450A /* Sources */,
				1E4DE7482C4FD3E80070450A /* Frameworks */,
				1E4DE7492C4FD3E80070450A /* Resources */,
			);
			buildRules = (
			);
			dependencies = (
			);
			name = todo;
			packageProductDependencies = (
				1E4DE7792C4FDBFB0070450A /* FirebaseAuth */,
				1E4DE77B2C4FDBFB0070450A /* FirebaseFirestore */,
				1E4DE77D2C4FDBFB0070450A /* FirebaseFirestoreSwift */,
			);
			productName = todo;
			productReference = 1E4DE74B2C4FD3E80070450A /* todo.app */;
			productType = "com.apple.product-type.application";
		};
		1E4DE75A2C4FD3E90070450A /* todoTests */ = {
			isa = PBXNativeTarget;
			buildConfigurationList = 1E4DE7722C4FD3E90070450A /* Build configuration list for PBXNativeTarget "todoTests" */;
			buildPhases = (
				1E4DE7572C4FD3E90070450A /* Sources */,
				1E4DE7582C4FD3E90070450A /* Frameworks */,
				1E4DE7592C4FD3E90070450A /* Resources */,
			);
			buildRules = (
			);
			dependencies = (
				1E4DE75D2C4FD3E90070450A /* PBXTargetDependency */,
			);
			name = todoTests;
			productName = todoTests;
			productReference = 1E4DE75B2C4FD3E90070450A /* todoTests.xctest */;
			productType = "com.apple.product-type.bundle.unit-test";
		};
		1E4DE7642C4FD3E90070450A /* todoUITests */ = {
			isa = PBXNativeTarget;
			buildConfigurationList = 1E4DE7752C4FD3E90070450A /* Build configuration list for PBXNativeTarget "todoUITests" */;
			buildPhases = (
				1E4DE7612C4FD3E90070450A /* Sources */,
				1E4DE7622C4FD3E90070450A /* Frameworks */,
				1E4DE7632C4FD3E90070450A /* Resources */,
			);
			buildRules = (
			);
			dependencies = (
				1E4DE7672C4FD3E90070450A /* PBXTargetDependency */,
			);
			name = todoUITests;
			productName = todoUITests;
			productReference = 1E4DE7652C4FD3E90070450A /* todoUITests.xctest */;
			productType = "com.apple.product-type.bundle.ui-testing";
		};
/* End PBXNativeTarget section */

/* Begin PBXProject section */
		1E4DE7432C4FD3E80070450A /* Project object */ = {
			isa = PBXProject;
			attributes = {
				BuildIndependentTargetsInParallel = 1;
				LastSwiftUpdateCheck = 1540;
				LastUpgradeCheck = 1540;
				TargetAttributes = {
					1E4DE74A2C4FD3E80070450A = {
						CreatedOnToolsVersion = 15.4;
					};
					1E4DE75A2C4FD3E90070450A = {
						CreatedOnToolsVersion = 15.4;
						TestTargetID = 1E4DE74A2C4FD3E80070450A;
					};
					1E4DE7642C4FD3E90070450A = {
						CreatedOnToolsVersion = 15.4;
						TestTargetID = 1E4DE74A2C4FD3E80070450A;
					};
				};
			};
			buildConfigurationList = 1E4DE7462C4FD3E80070450A /* Build configuration list for PBXProject "todo" */;
			compatibilityVersion = "Xcode 14.0";
			developmentRegion = en;
			hasScannedForEncodings = 0;
			knownRegions = (
				en,
				Base,
			);
			mainGroup = 1E4DE7422C4FD3E80070450A;
			packageReferences = (
				1E4DE7782C4FDBFB0070450A /* XCRemoteSwiftPackageReference "firebase-ios-sdk" */,
			);
			productRefGroup = 1E4DE74C2C4FD3E80070450A /* Products */;
			projectDirPath = "";
			projectRoot = "";
			targets = (
				1E4DE74A2C4FD3E80070450A /* todo */,
				1E4DE75A2C4FD3E90070450A /* todoTests */,
				1E4DE7642C4FD3E90070450A /* todoUITests */,
			);
		};
/* End PBXProject section */

/* Begin PBXResourcesBuildPhase section */
		1E4DE7492C4FD3E80070450A /* Resources */ = {
			isa = PBXResourcesBuildPhase;
			buildActionMask = 2147483647;
			files = (
				1E4DE7562C4FD3E80070450A /* Preview Assets.xcassets in Resources */,
				1E4DE7532C4FD3E80070450A /* Assets.xcassets in Resources */,
				1E4DE7802C4FDE540070450A /* GoogleService-Info.plist in Resources */,
			);
			runOnlyForDeploymentPostprocessing = 0;
		};
		1E4DE7592C4FD3E90070450A /* Resources */ = {
			isa = PBXResourcesBuildPhase;
			buildActionMask = 2147483647;
			files = (
			);
			runOnlyForDeploymentPostprocessing = 0;
		};
		1E4DE7632C4FD3E90070450A /* Resources */ = {
			isa = PBXResourcesBuildPhase;
			buildActionMask = 2147483647;
			files = (
			);
			runOnlyForDeploymentPostprocessing = 0;
		};
/* End PBXResourcesBuildPhase section */

/* Begin PBXSourcesBuildPhase section */
		1E4DE7472C4FD3E80070450A /* Sources */ = {
			isa = PBXSourcesBuildPhase;
			buildActionMask = 2147483647;
			files = (
				1E4DE7982C4FE17B0070450A /* TodoListItem.swift in Sources */,
				1E4DE7902C4FE0F30070450A /* LoginView.swift in Sources */,
				1E4DE7A42C4FE1DC0070450A /* RegisterViewViewModel.swift in Sources */,
				1E4DE79E2C4FE1BC0070450A /* TodoListItemViewViewModel.swift in Sources */,
				1E4DE79A2C4FE1990070450A /* MainViewViewModel.swift in Sources */,
				1E4DE7512C4FD3E80070450A /* MainView.swift in Sources */,
				1E4DE7942C4FE1310070450A /* ToDoListView.swift in Sources */,
				1E4DE79C2C4FE1AB0070450A /* ProfileViewViewModel.swift in Sources */,
				1E4DE7882C4FE0930070450A /* TodoListItemView.swift in Sources */,
				1E4DE7922C4FE0FB0070450A /* RegisterView.swift in Sources */,
				1E4DE7962C4FE1700070450A /* User.swift in Sources */,
				1E4DE7A22C4FE1CF0070450A /* LoginViewViewModel.swift in Sources */,
				1E4DE7A62C4FE1F30070450A /* ToDoListViewViewModel.swift in Sources */,
				1E4DE7862C4FE07C0070450A /* ProfileView.swift in Sources */,
				1E4DE74F2C4FD3E80070450A /* todoApp.swift in Sources */,
				1E4DE78A2C4FE0A50070450A /* NewItemView.swift in Sources */,
				1E4DE7A02C4FE1C70070450A /* NewItemViewViewModel.swift in Sources */,
			);
			runOnlyForDeploymentPostprocessing = 0;
		};
		1E4DE7572C4FD3E90070450A /* Sources */ = {
			isa = PBXSourcesBuildPhase;
			buildActionMask = 2147483647;
			files = (
				1E4DE7602C4FD3E90070450A /* todoTests.swift in Sources */,
			);
			runOnlyForDeploymentPostprocessing = 0;
		};
		1E4DE7612C4FD3E90070450A /* Sources */ = {
			isa = PBXSourcesBuildPhase;
			buildActionMask = 2147483647;
			files = (
				1E4DE76C2C4FD3E90070450A /* todoUITestsLaunchTests.swift in Sources */,
				1E4DE76A2C4FD3E90070450A /* todoUITests.swift in Sources */,
			);
			runOnlyForDeploymentPostprocessing = 0;
		};
/* End PBXSourcesBuildPhase section */

/* Begin PBXTargetDependency section */
		1E4DE75D2C4FD3E90070450A /* PBXTargetDependency */ = {
			isa = PBXTargetDependency;
			target = 1E4DE74A2C4FD3E80070450A /* todo */;
			targetProxy = 1E4DE75C2C4FD3E90070450A /* PBXContainerItemProxy */;
		};
		1E4DE7672C4FD3E90070450A /* PBXTargetDependency */ = {
			isa = PBXTargetDependency;
			target = 1E4DE74A2C4FD3E80070450A /* todo */;
			targetProxy = 1E4DE7662C4FD3E90070450A /* PBXContainerItemProxy */;
		};
/* End PBXTargetDependency section */

/* Begin XCBuildConfiguration section */
		1E4DE76D2C4FD3E90070450A /* Debug */ = {
			isa = XCBuildConfiguration;
			buildSettings = {
				ALWAYS_SEARCH_USER_PATHS = NO;
				ASSETCATALOG_COMPILER_GENERATE_SWIFT_ASSET_SYMBOL_EXTENSIONS = YES;
				CLANG_ANALYZER_NONNULL = YES;
				CLANG_ANALYZER_NUMBER_OBJECT_CONVERSION = YES_AGGRESSIVE;
				CLANG_CXX_LANGUAGE_STANDARD = "gnu++20";
				CLANG_ENABLE_MODULES = YES;
				CLANG_ENABLE_OBJC_ARC = YES;
				CLANG_ENABLE_OBJC_WEAK = YES;
				CLANG_WARN_BLOCK_CAPTURE_AUTORELEASING = YES;
				CLANG_WARN_BOOL_CONVERSION = YES;
				CLANG_WARN_COMMA = YES;
				CLANG_WARN_CONSTANT_CONVERSION = YES;
				CLANG_WARN_DEPRECATED_OBJC_IMPLEMENTATIONS = YES;
				CLANG_WARN_DIRECT_OBJC_ISA_USAGE = YES_ERROR;
				CLANG_WARN_DOCUMENTATION_COMMENTS = YES;
				CLANG_WARN_EMPTY_BODY = YES;
				CLANG_WARN_ENUM_CONVERSION = YES;
				CLANG_WARN_INFINITE_RECURSION = YES;
				CLANG_WARN_INT_CONVERSION = YES;
				CLANG_WARN_NON_LITERAL_NULL_CONVERSION = YES;
				CLANG_WARN_OBJC_IMPLICIT_RETAIN_SELF = YES;
				CLANG_WARN_OBJC_LITERAL_CONVERSION = YES;
				CLANG_WARN_OBJC_ROOT_CLASS = YES_ERROR;
				CLANG_WARN_QUOTED_INCLUDE_IN_FRAMEWORK_HEADER = YES;
				CLANG_WARN_RANGE_LOOP_ANALYSIS = YES;
				CLANG_WARN_STRICT_PROTOTYPES = YES;
				CLANG_WARN_SUSPICIOUS_MOVE = YES;
				CLANG_WARN_UNGUARDED_AVAILABILITY = YES_AGGRESSIVE;
				CLANG_WARN_UNREACHABLE_CODE = YES;
				CLANG_WARN__DUPLICATE_METHOD_MATCH = YES;
				COPY_PHASE_STRIP = NO;
				DEBUG_INFORMATION_FORMAT = dwarf;
				ENABLE_STRICT_OBJC_MSGSEND = YES;
				ENABLE_TESTABILITY = YES;
				ENABLE_USER_SCRIPT_SANDBOXING = YES;
				GCC_C_LANGUAGE_STANDARD = gnu17;
				GCC_DYNAMIC_NO_PIC = NO;
				GCC_NO_COMMON_BLOCKS = YES;
				GCC_OPTIMIZATION_LEVEL = 0;
				GCC_PREPROCESSOR_DEFINITIONS = (
					"DEBUG=1",
					"$(inherited)",
				);
				GCC_WARN_64_TO_32_BIT_CONVERSION = YES;
				GCC_WARN_ABOUT_RETURN_TYPE = YES_ERROR;
				GCC_WARN_UNDECLARED_SELECTOR = YES;
				GCC_WARN_UNINITIALIZED_AUTOS = YES_AGGRESSIVE;
				GCC_WARN_UNUSED_FUNCTION = YES;
				GCC_WARN_UNUSED_VARIABLE = YES;
				IPHONEOS_DEPLOYMENT_TARGET = 17.5;
				LOCALIZATION_PREFERS_STRING_CATALOGS = YES;
				MTL_ENABLE_DEBUG_INFO = INCLUDE_SOURCE;
				MTL_FAST_MATH = YES;
				ONLY_ACTIVE_ARCH = YES;
				SDKROOT = iphoneos;
				SWIFT_ACTIVE_COMPILATION_CONDITIONS = "DEBUG $(inherited)";
				SWIFT_OPTIMIZATION_LEVEL = "-Onone";
			};
			name = Debug;
		};
		1E4DE76E2C4FD3E90070450A /* Release */ = {
			isa = XCBuildConfiguration;
			buildSettings = {
				ALWAYS_SEARCH_USER_PATHS = NO;
				ASSETCATALOG_COMPILER_GENERATE_SWIFT_ASSET_SYMBOL_EXTENSIONS = YES;
				CLANG_ANALYZER_NONNULL = YES;
				CLANG_ANALYZER_NUMBER_OBJECT_CONVERSION = YES_AGGRESSIVE;
				CLANG_CXX_LANGUAGE_STANDARD = "gnu++20";
				CLANG_ENABLE_MODULES = YES;
				CLANG_ENABLE_OBJC_ARC = YES;
				CLANG_ENABLE_OBJC_WEAK = YES;
				CLANG_WARN_BLOCK_CAPTURE_AUTORELEASING = YES;
				CLANG_WARN_BOOL_CONVERSION = YES;
				CLANG_WARN_COMMA = YES;
				CLANG_WARN_CONSTANT_CONVERSION = YES;
				CLANG_WARN_DEPRECATED_OBJC_IMPLEMENTATIONS = YES;
				CLANG_WARN_DIRECT_OBJC_ISA_USAGE = YES_ERROR;
				CLANG_WARN_DOCUMENTATION_COMMENTS = YES;
				CLANG_WARN_EMPTY_BODY = YES;
				CLANG_WARN_ENUM_CONVERSION = YES;
				CLANG_WARN_INFINITE_RECURSION = YES;
				CLANG_WARN_INT_CONVERSION = YES;
				CLANG_WARN_NON_LITERAL_NULL_CONVERSION = YES;
				CLANG_WARN_OBJC_IMPLICIT_RETAIN_SELF = YES;
				CLANG_WARN_OBJC_LITERAL_CONVERSION = YES;
				CLANG_WARN_OBJC_ROOT_CLASS = YES_ERROR;
				CLANG_WARN_QUOTED_INCLUDE_IN_FRAMEWORK_HEADER = YES;
				CLANG_WARN_RANGE_LOOP_ANALYSIS = YES;
				CLANG_WARN_STRICT_PROTOTYPES = YES;
				CLANG_WARN_SUSPICIOUS_MOVE = YES;
				CLANG_WARN_UNGUARDED_AVAILABILITY = YES_AGGRESSIVE;
				CLANG_WARN_UNREACHABLE_CODE = YES;
				CLANG_WARN__DUPLICATE_METHOD_MATCH = YES;
				COPY_PHASE_STRIP = NO;
				DEBUG_INFORMATION_FORMAT = "dwarf-with-dsym";
				ENABLE_NS_ASSERTIONS = NO;
				ENABLE_STRICT_OBJC_MSGSEND = YES;
				ENABLE_USER_SCRIPT_SANDBOXING = YES;
				GCC_C_LANGUAGE_STANDARD = gnu17;
				GCC_NO_COMMON_BLOCKS = YES;
				GCC_WARN_64_TO_32_BIT_CONVERSION = YES;
				GCC_WARN_ABOUT_RETURN_TYPE = YES_ERROR;
				GCC_WARN_UNDECLARED_SELECTOR = YES;
				GCC_WARN_UNINITIALIZED_AUTOS = YES_AGGRESSIVE;
				GCC_WARN_UNUSED_FUNCTION = YES;
				GCC_WARN_UNUSED_VARIABLE = YES;
				IPHONEOS_DEPLOYMENT_TARGET = 17.5;
				LOCALIZATION_PREFERS_STRING_CATALOGS = YES;
				MTL_ENABLE_DEBUG_INFO = NO;
				MTL_FAST_MATH = YES;
				SDKROOT = iphoneos;
				SWIFT_COMPILATION_MODE = wholemodule;
				VALIDATE_PRODUCT = YES;
			};
			name = Release;
		};
		1E4DE7702C4FD3E90070450A /* Debug */ = {
			isa = XCBuildConfiguration;
			buildSettings = {
				ASSETCATALOG_COMPILER_APPICON_NAME = AppIcon;
				ASSETCATALOG_COMPILER_GLOBAL_ACCENT_COLOR_NAME = AccentColor;
				CODE_SIGN_STYLE = Automatic;
				CURRENT_PROJECT_VERSION = 1;
				DEVELOPMENT_ASSET_PATHS = "\"todo/Preview Content\"";
				ENABLE_PREVIEWS = YES;
				GENERATE_INFOPLIST_FILE = YES;
				INFOPLIST_KEY_CFBundleDisplayName = "To Do App";
				INFOPLIST_KEY_UIApplicationSceneManifest_Generation = YES;
				INFOPLIST_KEY_UIApplicationSupportsIndirectInputEvents = YES;
				INFOPLIST_KEY_UILaunchScreen_Generation = YES;
				INFOPLIST_KEY_UISupportedInterfaceOrientations = UIInterfaceOrientationPortrait;
				LD_RUNPATH_SEARCH_PATHS = (
					"$(inherited)",
					"@executable_path/Frameworks",
				);
				MARKETING_VERSION = 1.0;
				PRODUCT_BUNDLE_IDENTIFIER = product.todo;
				PRODUCT_NAME = "$(TARGET_NAME)";
				SWIFT_EMIT_LOC_STRINGS = YES;
				SWIFT_VERSION = 5.0;
				TARGETED_DEVICE_FAMILY = "1,2";
			};
			name = Debug;
		};
		1E4DE7712C4FD3E90070450A /* Release */ = {
			isa = XCBuildConfiguration;
			buildSettings = {
				ASSETCATALOG_COMPILER_APPICON_NAME = AppIcon;
				ASSETCATALOG_COMPILER_GLOBAL_ACCENT_COLOR_NAME = AccentColor;
				CODE_SIGN_STYLE = Automatic;
				CURRENT_PROJECT_VERSION = 1;
				DEVELOPMENT_ASSET_PATHS = "\"todo/Preview Content\"";
				ENABLE_PREVIEWS = YES;
				GENERATE_INFOPLIST_FILE = YES;
				INFOPLIST_KEY_CFBundleDisplayName = "To Do App";
				INFOPLIST_KEY_UIApplicationSceneManifest_Generation = YES;
				INFOPLIST_KEY_UIApplicationSupportsIndirectInputEvents = YES;
				INFOPLIST_KEY_UILaunchScreen_Generation = YES;
				INFOPLIST_KEY_UISupportedInterfaceOrientations = UIInterfaceOrientationPortrait;
				LD_RUNPATH_SEARCH_PATHS = (
					"$(inherited)",
					"@executable_path/Frameworks",
				);
				MARKETING_VERSION = 1.0;
				PRODUCT_BUNDLE_IDENTIFIER = product.todo;
				PRODUCT_NAME = "$(TARGET_NAME)";
				SWIFT_EMIT_LOC_STRINGS = YES;
				SWIFT_VERSION = 5.0;
				TARGETED_DEVICE_FAMILY = "1,2";
			};
			name = Release;
		};
		1E4DE7732C4FD3E90070450A /* Debug */ = {
			isa = XCBuildConfiguration;
			buildSettings = {
				ALWAYS_EMBED_SWIFT_STANDARD_LIBRARIES = YES;
				BUNDLE_LOADER = "$(TEST_HOST)";
				CODE_SIGN_STYLE = Automatic;
				CURRENT_PROJECT_VERSION = 1;
				GENERATE_INFOPLIST_FILE = YES;
				IPHONEOS_DEPLOYMENT_TARGET = 17.5;
				MARKETING_VERSION = 1.0;
				PRODUCT_BUNDLE_IDENTIFIER = product.todoTests;
				PRODUCT_NAME = "$(TARGET_NAME)";
				SWIFT_EMIT_LOC_STRINGS = NO;
				SWIFT_VERSION = 5.0;
				TARGETED_DEVICE_FAMILY = "1,2";
				TEST_HOST = "$(BUILT_PRODUCTS_DIR)/todo.app/$(BUNDLE_EXECUTABLE_FOLDER_PATH)/todo";
			};
			name = Debug;
		};
		1E4DE7742C4FD3E90070450A /* Release */ = {
			isa = XCBuildConfiguration;
			buildSettings = {
				ALWAYS_EMBED_SWIFT_STANDARD_LIBRARIES = YES;
				BUNDLE_LOADER = "$(TEST_HOST)";
				CODE_SIGN_STYLE = Automatic;
				CURRENT_PROJECT_VERSION = 1;
				GENERATE_INFOPLIST_FILE = YES;
				IPHONEOS_DEPLOYMENT_TARGET = 17.5;
				MARKETING_VERSION = 1.0;
				PRODUCT_BUNDLE_IDENTIFIER = product.todoTests;
				PRODUCT_NAME = "$(TARGET_NAME)";
				SWIFT_EMIT_LOC_STRINGS = NO;
				SWIFT_VERSION = 5.0;
				TARGETED_DEVICE_FAMILY = "1,2";
				TEST_HOST = "$(BUILT_PRODUCTS_DIR)/todo.app/$(BUNDLE_EXECUTABLE_FOLDER_PATH)/todo";
			};
			name = Release;
		};
		1E4DE7762C4FD3E90070450A /* Debug */ = {
			isa = XCBuildConfiguration;
			buildSettings = {
				ALWAYS_EMBED_SWIFT_STANDARD_LIBRARIES = YES;
				CODE_SIGN_STYLE = Automatic;
				CURRENT_PROJECT_VERSION = 1;
				GENERATE_INFOPLIST_FILE = YES;
				MARKETING_VERSION = 1.0;
				PRODUCT_BUNDLE_IDENTIFIER = product.todoUITests;
				PRODUCT_NAME = "$(TARGET_NAME)";
				SWIFT_EMIT_LOC_STRINGS = NO;
				SWIFT_VERSION = 5.0;
				TARGETED_DEVICE_FAMILY = "1,2";
				TEST_TARGET_NAME = todo;
			};
			name = Debug;
		};
		1E4DE7772C4FD3E90070450A /* Release */ = {
			isa = XCBuildConfiguration;
			buildSettings = {
				ALWAYS_EMBED_SWIFT_STANDARD_LIBRARIES = YES;
				CODE_SIGN_STYLE = Automatic;
				CURRENT_PROJECT_VERSION = 1;
				GENERATE_INFOPLIST_FILE = YES;
				MARKETING_VERSION = 1.0;
				PRODUCT_BUNDLE_IDENTIFIER = product.todoUITests;
				PRODUCT_NAME = "$(TARGET_NAME)";
				SWIFT_EMIT_LOC_STRINGS = NO;
				SWIFT_VERSION = 5.0;
				TARGETED_DEVICE_FAMILY = "1,2";
				TEST_TARGET_NAME = todo;
			};
			name = Release;
		};
/* End XCBuildConfiguration section */

/* Begin XCConfigurationList section */
		1E4DE7462C4FD3E80070450A /* Build configuration list for PBXProject "todo" */ = {
			isa = XCConfigurationList;
			buildConfigurations = (
				1E4DE76D2C4FD3E90070450A /* Debug */,
				1E4DE76E2C4FD3E90070450A /* Release */,
			);
			defaultConfigurationIsVisible = 0;
			defaultConfigurationName = Release;
		};
		1E4DE76F2C4FD3E90070450A /* Build configuration list for PBXNativeTarget "todo" */ = {
			isa = XCConfigurationList;
			buildConfigurations = (
				1E4DE7702C4FD3E90070450A /* Debug */,
				1E4DE7712C4FD3E90070450A /* Release */,
			);
			defaultConfigurationIsVisible = 0;
			defaultConfigurationName = Release;
		};
		1E4DE7722C4FD3E90070450A /* Build configuration list for PBXNativeTarget "todoTests" */ = {
			isa = XCConfigurationList;
			buildConfigurations = (
				1E4DE7732C4FD3E90070450A /* Debug */,
				1E4DE7742C4FD3E90070450A /* Release */,
			);
			defaultConfigurationIsVisible = 0;
			defaultConfigurationName = Release;
		};
		1E4DE7752C4FD3E90070450A /* Build configuration list for PBXNativeTarget "todoUITests" */ = {
			isa = XCConfigurationList;
			buildConfigurations = (
				1E4DE7762C4FD3E90070450A /* Debug */,
				1E4DE7772C4FD3E90070450A /* Release */,
			);
			defaultConfigurationIsVisible = 0;
			defaultConfigurationName = Release;
		};
/* End XCConfigurationList section */

/* Begin XCRemoteSwiftPackageReference section */
		1E4DE7782C4FDBFB0070450A /* XCRemoteSwiftPackageReference "firebase-ios-sdk" */ = {
			isa = XCRemoteSwiftPackageReference;
			repositoryURL = "https://github.com/firebase/firebase-ios-sdk.git";
			requirement = {
				kind = upToNextMajorVersion;
				minimumVersion = 10.29.0;
			};
		};
/* End XCRemoteSwiftPackageReference section */

/* Begin XCSwiftPackageProductDependency section */
		1E4DE7792C4FDBFB0070450A /* FirebaseAuth */ = {
			isa = XCSwiftPackageProductDependency;
			package = 1E4DE7782C4FDBFB0070450A /* XCRemoteSwiftPackageReference "firebase-ios-sdk" */;
			productName = FirebaseAuth;
		};
		1E4DE77B2C4FDBFB0070450A /* FirebaseFirestore */ = {
			isa = XCSwiftPackageProductDependency;
			package = 1E4DE7782C4FDBFB0070450A /* XCRemoteSwiftPackageReference "firebase-ios-sdk" */;
			productName = FirebaseFirestore;
		};
		1E4DE77D2C4FDBFB0070450A /* FirebaseFirestoreSwift */ = {
			isa = XCSwiftPackageProductDependency;
			package = 1E4DE7782C4FDBFB0070450A /* XCRemoteSwiftPackageReference "firebase-ios-sdk" */;
			productName = FirebaseFirestoreSwift;
		};
/* End XCSwiftPackageProductDependency section */
	};
	rootObject = 1E4DE7432C4FD3E80070450A /* Project object */;
}
